// !$*UTF8*$!
{
	archiveVersion = 1;
	classes = {
	};
	objectVersion = 46;
	objects = {

/* Begin PBXBuildFile section */
		233041871B86DA8600F5A6E7 /* AppDelegate.swift in Sources */ = {isa = PBXBuildFile; fileRef = 233041861B86DA8600F5A6E7 /* AppDelegate.swift */; };
		2330418A1B86DA8600F5A6E7 /* Message_Demo.xcdatamodeld in Sources */ = {isa = PBXBuildFile; fileRef = 233041881B86DA8600F5A6E7 /* Message_Demo.xcdatamodeld */; };
		2330418C1B86DA8600F5A6E7 /* MasterViewController.swift in Sources */ = {isa = PBXBuildFile; fileRef = 2330418B1B86DA8600F5A6E7 /* MasterViewController.swift */; };
		2330418F1B86DA8600F5A6E7 /* Main.storyboard in Resources */ = {isa = PBXBuildFile; fileRef = 2330418D1B86DA8600F5A6E7 /* Main.storyboard */; };
		233041911B86DA8600F5A6E7 /* Images.xcassets in Resources */ = {isa = PBXBuildFile; fileRef = 233041901B86DA8600F5A6E7 /* Images.xcassets */; };
		233041941B86DA8600F5A6E7 /* LaunchScreen.xib in Resources */ = {isa = PBXBuildFile; fileRef = 233041921B86DA8600F5A6E7 /* LaunchScreen.xib */; };
		233041A01B86DA8600F5A6E7 /* Message_DemoTests.swift in Sources */ = {isa = PBXBuildFile; fileRef = 2330419F1B86DA8600F5A6E7 /* Message_DemoTests.swift */; };
		233041AA1B86DF1C00F5A6E7 /* MessageThread.swift in Sources */ = {isa = PBXBuildFile; fileRef = 233041A91B86DF1C00F5A6E7 /* MessageThread.swift */; };
		233041AC1B86DF2C00F5A6E7 /* MessageThreadCell.swift in Sources */ = {isa = PBXBuildFile; fileRef = 233041AB1B86DF2C00F5A6E7 /* MessageThreadCell.swift */; };
		233041AE1B86DF9800F5A6E7 /* Message.swift in Sources */ = {isa = PBXBuildFile; fileRef = 233041AD1B86DF9800F5A6E7 /* Message.swift */; };
		233041B01B86E04700F5A6E7 /* Person.swift in Sources */ = {isa = PBXBuildFile; fileRef = 233041AF1B86E04700F5A6E7 /* Person.swift */; };
		233041B51B86E1DD00F5A6E7 /* MessageCollectionViewController.swift in Sources */ = {isa = PBXBuildFile; fileRef = 233041B41B86E1DD00F5A6E7 /* MessageCollectionViewController.swift */; };
		233041B91B86ECD400F5A6E7 /* YouMessageCell.swift in Sources */ = {isa = PBXBuildFile; fileRef = 233041B81B86ECD400F5A6E7 /* YouMessageCell.swift */; };
		233041BB1B86ECFD00F5A6E7 /* ThemMessageCell.swift in Sources */ = {isa = PBXBuildFile; fileRef = 233041BA1B86ECFD00F5A6E7 /* ThemMessageCell.swift */; };
/* End PBXBuildFile section */

/* Begin PBXContainerItemProxy section */
		2330419A1B86DA8600F5A6E7 /* PBXContainerItemProxy */ = {
			isa = PBXContainerItemProxy;
			containerPortal = 233041791B86DA8600F5A6E7 /* Project object */;
			proxyType = 1;
			remoteGlobalIDString = 233041801B86DA8600F5A6E7;
			remoteInfo = "Message Demo";
		};
/* End PBXContainerItemProxy section */

/* Begin PBXFileReference section */
		233041811B86DA8600F5A6E7 /* Message Demo.app */ = {isa = PBXFileReference; explicitFileType = wrapper.application; includeInIndex = 0; path = "Message Demo.app"; sourceTree = BUILT_PRODUCTS_DIR; };
		233041851B86DA8600F5A6E7 /* Info.plist */ = {isa = PBXFileReference; lastKnownFileType = text.plist.xml; path = Info.plist; sourceTree = "<group>"; };
		233041861B86DA8600F5A6E7 /* AppDelegate.swift */ = {isa = PBXFileReference; lastKnownFileType = sourcecode.swift; path = AppDelegate.swift; sourceTree = "<group>"; };
		233041891B86DA8600F5A6E7 /* Message_Demo.xcdatamodel */ = {isa = PBXFileReference; lastKnownFileType = wrapper.xcdatamodel; path = Message_Demo.xcdatamodel; sourceTree = "<group>"; };
		2330418B1B86DA8600F5A6E7 /* MasterViewController.swift */ = {isa = PBXFileReference; lastKnownFileType = sourcecode.swift; path = MasterViewController.swift; sourceTree = "<group>"; };
		2330418E1B86DA8600F5A6E7 /* Base */ = {isa = PBXFileReference; lastKnownFileType = file.storyboard; name = Base; path = Base.lproj/Main.storyboard; sourceTree = "<group>"; };
		233041901B86DA8600F5A6E7 /* Images.xcassets */ = {isa = PBXFileReference; lastKnownFileType = folder.assetcatalog; path = Images.xcassets; sourceTree = "<group>"; };
		233041931B86DA8600F5A6E7 /* Base */ = {isa = PBXFileReference; lastKnownFileType = file.xib; name = Base; path = Base.lproj/LaunchScreen.xib; sourceTree = "<group>"; };
		233041991B86DA8600F5A6E7 /* Message DemoTests.xctest */ = {isa = PBXFileReference; explicitFileType = wrapper.cfbundle; includeInIndex = 0; path = "Message DemoTests.xctest"; sourceTree = BUILT_PRODUCTS_DIR; };
		2330419E1B86DA8600F5A6E7 /* Info.plist */ = {isa = PBXFileReference; lastKnownFileType = text.plist.xml; path = Info.plist; sourceTree = "<group>"; };
		2330419F1B86DA8600F5A6E7 /* Message_DemoTests.swift */ = {isa = PBXFileReference; lastKnownFileType = sourcecode.swift; path = Message_DemoTests.swift; sourceTree = "<group>"; };
		233041A91B86DF1C00F5A6E7 /* MessageThread.swift */ = {isa = PBXFileReference; fileEncoding = 4; lastKnownFileType = sourcecode.swift; path = MessageThread.swift; sourceTree = "<group>"; };
		233041AB1B86DF2C00F5A6E7 /* MessageThreadCell.swift */ = {isa = PBXFileReference; fileEncoding = 4; lastKnownFileType = sourcecode.swift; path = MessageThreadCell.swift; sourceTree = "<group>"; };
		233041AD1B86DF9800F5A6E7 /* Message.swift */ = {isa = PBXFileReference; fileEncoding = 4; lastKnownFileType = sourcecode.swift; path = Message.swift; sourceTree = "<group>"; };
		233041AF1B86E04700F5A6E7 /* Person.swift */ = {isa = PBXFileReference; fileEncoding = 4; lastKnownFileType = sourcecode.swift; path = Person.swift; sourceTree = "<group>"; };
		233041B41B86E1DD00F5A6E7 /* MessageCollectionViewController.swift */ = {isa = PBXFileReference; fileEncoding = 4; lastKnownFileType = sourcecode.swift; path = MessageCollectionViewController.swift; sourceTree = "<group>"; };
		233041B81B86ECD400F5A6E7 /* YouMessageCell.swift */ = {isa = PBXFileReference; fileEncoding = 4; lastKnownFileType = sourcecode.swift; path = YouMessageCell.swift; sourceTree = "<group>"; };
		233041BA1B86ECFD00F5A6E7 /* ThemMessageCell.swift */ = {isa = PBXFileReference; fileEncoding = 4; lastKnownFileType = sourcecode.swift; path = ThemMessageCell.swift; sourceTree = "<group>"; };
/* End PBXFileReference section */

/* Begin PBXFrameworksBuildPhase section */
		2330417E1B86DA8600F5A6E7 /* Frameworks */ = {
			isa = PBXFrameworksBuildPhase;
			buildActionMask = 2147483647;
			files = (
			);
			runOnlyForDeploymentPostprocessing = 0;
		};
		233041961B86DA8600F5A6E7 /* Frameworks */ = {
			isa = PBXFrameworksBuildPhase;
			buildActionMask = 2147483647;
			files = (
			);
			runOnlyForDeploymentPostprocessing = 0;
		};
/* End PBXFrameworksBuildPhase section */

/* Begin PBXGroup section */
		233041781B86DA8600F5A6E7 = {
			isa = PBXGroup;
			children = (
				233041831B86DA8600F5A6E7 /* Message Demo */,
				2330419C1B86DA8600F5A6E7 /* Message DemoTests */,
				233041821B86DA8600F5A6E7 /* Products */,
			);
			sourceTree = "<group>";
		};
		233041821B86DA8600F5A6E7 /* Products */ = {
			isa = PBXGroup;
			children = (
				233041811B86DA8600F5A6E7 /* Message Demo.app */,
				233041991B86DA8600F5A6E7 /* Message DemoTests.xctest */,
			);
			name = Products;
			sourceTree = "<group>";
		};
		233041831B86DA8600F5A6E7 /* Message Demo */ = {
			isa = PBXGroup;
			children = (
				233041861B86DA8600F5A6E7 /* AppDelegate.swift */,
				233041B21B86E15600F5A6E7 /* Model */,
				233041B31B86E15D00F5A6E7 /* View */,
				233041B11B86E14C00F5A6E7 /* Controller */,
				233041881B86DA8600F5A6E7 /* Message_Demo.xcdatamodeld */,
				233041841B86DA8600F5A6E7 /* Supporting Files */,
			);
			path = "Message Demo";
			sourceTree = "<group>";
		};
		233041841B86DA8600F5A6E7 /* Supporting Files */ = {
			isa = PBXGroup;
			children = (
				233041851B86DA8600F5A6E7 /* Info.plist */,
			);
			name = "Supporting Files";
			sourceTree = "<group>";
		};
		2330419C1B86DA8600F5A6E7 /* Message DemoTests */ = {
			isa = PBXGroup;
			children = (
				2330419F1B86DA8600F5A6E7 /* Message_DemoTests.swift */,
				2330419D1B86DA8600F5A6E7 /* Supporting Files */,
			);
			path = "Message DemoTests";
			sourceTree = "<group>";
		};
		2330419D1B86DA8600F5A6E7 /* Supporting Files */ = {
			isa = PBXGroup;
			children = (
				2330419E1B86DA8600F5A6E7 /* Info.plist */,
			);
			name = "Supporting Files";
			sourceTree = "<group>";
		};
		233041B11B86E14C00F5A6E7 /* Controller */ = {
			isa = PBXGroup;
			children = (
				233041B61B86E1EA00F5A6E7 /* Master */,
				233041B71B86E1F300F5A6E7 /* Detail */,
			);
			name = Controller;
			sourceTree = "<group>";
		};
		233041B21B86E15600F5A6E7 /* Model */ = {
			isa = PBXGroup;
			children = (
				233041A91B86DF1C00F5A6E7 /* MessageThread.swift */,
				233041AD1B86DF9800F5A6E7 /* Message.swift */,
				233041AF1B86E04700F5A6E7 /* Person.swift */,
			);
			name = Model;
			sourceTree = "<group>";
		};
		233041B31B86E15D00F5A6E7 /* View */ = {
			isa = PBXGroup;
			children = (
				2330418D1B86DA8600F5A6E7 /* Main.storyboard */,
				233041901B86DA8600F5A6E7 /* Images.xcassets */,
				233041921B86DA8600F5A6E7 /* LaunchScreen.xib */,
			);
			name = View;
			sourceTree = "<group>";
		};
		233041B61B86E1EA00F5A6E7 /* Master */ = {
			isa = PBXGroup;
			children = (
				2330418B1B86DA8600F5A6E7 /* MasterViewController.swift */,
				233041AB1B86DF2C00F5A6E7 /* MessageThreadCell.swift */,
			);
			name = Master;
			sourceTree = "<group>";
		};
		233041B71B86E1F300F5A6E7 /* Detail */ = {
			isa = PBXGroup;
			children = (
				233041B41B86E1DD00F5A6E7 /* MessageCollectionViewController.swift */,
				233041B81B86ECD400F5A6E7 /* YouMessageCell.swift */,
				233041BA1B86ECFD00F5A6E7 /* ThemMessageCell.swift */,
			);
			name = Detail;
			sourceTree = "<group>";
		};
/* End PBXGroup section */

/* Begin PBXNativeTarget section */
		233041801B86DA8600F5A6E7 /* Message Demo */ = {
			isa = PBXNativeTarget;
			buildConfigurationList = 233041A31B86DA8600F5A6E7 /* Build configuration list for PBXNativeTarget "Message Demo" */;
			buildPhases = (
				2330417D1B86DA8600F5A6E7 /* Sources */,
				2330417E1B86DA8600F5A6E7 /* Frameworks */,
				2330417F1B86DA8600F5A6E7 /* Resources */,
			);
			buildRules = (
			);
			dependencies = (
			);
			name = "Message Demo";
			productName = "Message Demo";
			productReference = 233041811B86DA8600F5A6E7 /* Message Demo.app */;
			productType = "com.apple.product-type.application";
		};
		233041981B86DA8600F5A6E7 /* Message DemoTests */ = {
			isa = PBXNativeTarget;
			buildConfigurationList = 233041A61B86DA8600F5A6E7 /* Build configuration list for PBXNativeTarget "Message DemoTests" */;
			buildPhases = (
				233041951B86DA8600F5A6E7 /* Sources */,
				233041961B86DA8600F5A6E7 /* Frameworks */,
				233041971B86DA8600F5A6E7 /* Resources */,
			);
			buildRules = (
			);
			dependencies = (
				2330419B1B86DA8600F5A6E7 /* PBXTargetDependency */,
			);
			name = "Message DemoTests";
			productName = "Message DemoTests";
			productReference = 233041991B86DA8600F5A6E7 /* Message DemoTests.xctest */;
			productType = "com.apple.product-type.bundle.unit-test";
		};
/* End PBXNativeTarget section */

/* Begin PBXProject section */
		233041791B86DA8600F5A6E7 /* Project object */ = {
			isa = PBXProject;
			attributes = {
				LastUpgradeCheck = 0640;
				ORGANIZATIONNAME = "Ben Heutmaker";
				TargetAttributes = {
					233041801B86DA8600F5A6E7 = {
						CreatedOnToolsVersion = 6.4;
					};
					233041981B86DA8600F5A6E7 = {
						CreatedOnToolsVersion = 6.4;
						TestTargetID = 233041801B86DA8600F5A6E7;
					};
				};
			};
			buildConfigurationList = 2330417C1B86DA8600F5A6E7 /* Build configuration list for PBXProject "Message Demo" */;
			compatibilityVersion = "Xcode 3.2";
			developmentRegion = English;
			hasScannedForEncodings = 0;
			knownRegions = (
				en,
				Base,
			);
			mainGroup = 233041781B86DA8600F5A6E7;
			productRefGroup = 233041821B86DA8600F5A6E7 /* Products */;
			projectDirPath = "";
			projectRoot = "";
			targets = (
				233041801B86DA8600F5A6E7 /* Message Demo */,
				233041981B86DA8600F5A6E7 /* Message DemoTests */,
			);
		};
/* End PBXProject section */

/* Begin PBXResourcesBuildPhase section */
		2330417F1B86DA8600F5A6E7 /* Resources */ = {
			isa = PBXResourcesBuildPhase;
			buildActionMask = 2147483647;
			files = (
				2330418F1B86DA8600F5A6E7 /* Main.storyboard in Resources */,
				233041941B86DA8600F5A6E7 /* LaunchScreen.xib in Resources */,
				233041911B86DA8600F5A6E7 /* Images.xcassets in Resources */,
			);
			runOnlyForDeploymentPostprocessing = 0;
		};
		233041971B86DA8600F5A6E7 /* Resources */ = {
			isa = PBXResourcesBuildPhase;
			buildActionMask = 2147483647;
			files = (
			);
			runOnlyForDeploymentPostprocessing = 0;
		};
/* End PBXResourcesBuildPhase section */

/* Begin PBXSourcesBuildPhase section */
		2330417D1B86DA8600F5A6E7 /* Sources */ = {
			isa = PBXSourcesBuildPhase;
			buildActionMask = 2147483647;
			files = (
				233041B51B86E1DD00F5A6E7 /* MessageCollectionViewController.swift in Sources */,
				233041AC1B86DF2C00F5A6E7 /* MessageThreadCell.swift in Sources */,
				2330418C1B86DA8600F5A6E7 /* MasterViewController.swift in Sources */,
				2330418A1B86DA8600F5A6E7 /* Message_Demo.xcdatamodeld in Sources */,
				233041AE1B86DF9800F5A6E7 /* Message.swift in Sources */,
				233041B01B86E04700F5A6E7 /* Person.swift in Sources */,
				233041871B86DA8600F5A6E7 /* AppDelegate.swift in Sources */,
				233041BB1B86ECFD00F5A6E7 /* ThemMessageCell.swift in Sources */,
				233041AA1B86DF1C00F5A6E7 /* MessageThread.swift in Sources */,
				233041B91B86ECD400F5A6E7 /* YouMessageCell.swift in Sources */,
			);
			runOnlyForDeploymentPostprocessing = 0;
		};
		233041951B86DA8600F5A6E7 /* Sources */ = {
			isa = PBXSourcesBuildPhase;
			buildActionMask = 2147483647;
			files = (
				233041A01B86DA8600F5A6E7 /* Message_DemoTests.swift in Sources */,
			);
			runOnlyForDeploymentPostprocessing = 0;
		};
/* End PBXSourcesBuildPhase section */

/* Begin PBXTargetDependency section */
		2330419B1B86DA8600F5A6E7 /* PBXTargetDependency */ = {
			isa = PBXTargetDependency;
			target = 233041801B86DA8600F5A6E7 /* Message Demo */;
			targetProxy = 2330419A1B86DA8600F5A6E7 /* PBXContainerItemProxy */;
		};
/* End PBXTargetDependency section */

/* Begin PBXVariantGroup section */
		2330418D1B86DA8600F5A6E7 /* Main.storyboard */ = {
			isa = PBXVariantGroup;
			children = (
				2330418E1B86DA8600F5A6E7 /* Base */,
			);
			name = Main.storyboard;
			sourceTree = "<group>";
		};
		233041921B86DA8600F5A6E7 /* LaunchScreen.xib */ = {
			isa = PBXVariantGroup;
			children = (
				233041931B86DA8600F5A6E7 /* Base */,
			);
			name = LaunchScreen.xib;
			sourceTree = "<group>";
		};
/* End PBXVariantGroup section */

/* Begin XCBuildConfiguration section */
		233041A11B86DA8600F5A6E7 /* Debug */ = {
			isa = XCBuildConfiguration;
			buildSettings = {
				ALWAYS_SEARCH_USER_PATHS = NO;
				CLANG_CXX_LANGUAGE_STANDARD = "gnu++0x";
				CLANG_CXX_LIBRARY = "libc++";
				CLANG_ENABLE_MODULES = YES;
				CLANG_ENABLE_OBJC_ARC = YES;
				CLANG_WARN_BOOL_CONVERSION = YES;
				CLANG_WARN_CONSTANT_CONVERSION = YES;
				CLANG_WARN_DIRECT_OBJC_ISA_USAGE = YES_ERROR;
				CLANG_WARN_EMPTY_BODY = YES;
				CLANG_WARN_ENUM_CONVERSION = YES;
				CLANG_WARN_INT_CONVERSION = YES;
				CLANG_WARN_OBJC_ROOT_CLASS = YES_ERROR;
				CLANG_WARN_UNREACHABLE_CODE = YES;
				CLANG_WARN__DUPLICATE_METHOD_MATCH = YES;
				"CODE_SIGN_IDENTITY[sdk=iphoneos*]" = "iPhone Developer";
				COPY_PHASE_STRIP = NO;
				DEBUG_INFORMATION_FORMAT = "dwarf-with-dsym";
				ENABLE_STRICT_OBJC_MSGSEND = YES;
				GCC_C_LANGUAGE_STANDARD = gnu99;
				GCC_DYNAMIC_NO_PIC = NO;
				GCC_NO_COMMON_BLOCKS = YES;
				GCC_OPTIMIZATION_LEVEL = 0;
				GCC_PREPROCESSOR_DEFINITIONS = (
					"DEBUG=1",
					"$(inherited)",
				);
				GCC_SYMBOLS_PRIVATE_EXTERN = NO;
				GCC_WARN_64_TO_32_BIT_CONVERSION = YES;
				GCC_WARN_ABOUT_RETURN_TYPE = YES_ERROR;
				GCC_WARN_UNDECLARED_SELECTOR = YES;
				GCC_WARN_UNINITIALIZED_AUTOS = YES_AGGRESSIVE;
				GCC_WARN_UNUSED_FUNCTION = YES;
				GCC_WARN_UNUSED_VARIABLE = YES;
				IPHONEOS_DEPLOYMENT_TARGET = 8.4;
				MTL_ENABLE_DEBUG_INFO = YES;
				ONLY_ACTIVE_ARCH = YES;
				SDKROOT = iphoneos;
				SWIFT_OPTIMIZATION_LEVEL = "-Onone";
				TARGETED_DEVICE_FAMILY = "1,2";
			};
			name = Debug;
		};
		233041A21B86DA8600F5A6E7 /* Release */ = {
			isa = XCBuildConfiguration;
			buildSettings = {
				ALWAYS_SEARCH_USER_PATHS = NO;
				CLANG_CXX_LANGUAGE_STANDARD = "gnu++0x";
				CLANG_CXX_LIBRARY = "libc++";
				CLANG_ENABLE_MODULES = YES;
				CLANG_ENABLE_OBJC_ARC = YES;
				CLANG_WARN_BOOL_CONVERSION = YES;
				CLANG_WARN_CONSTANT_CONVERSION = YES;
				CLANG_WARN_DIRECT_OBJC_ISA_USAGE = YES_ERROR;
				CLANG_WARN_EMPTY_BODY = YES;
				CLANG_WARN_ENUM_CONVERSION = YES;
				CLANG_WARN_INT_CONVERSION = YES;
				CLANG_WARN_OBJC_ROOT_CLASS = YES_ERROR;
				CLANG_WARN_UNREACHABLE_CODE = YES;
				CLANG_WARN__DUPLICATE_METHOD_MATCH = YES;
				"CODE_SIGN_IDENTITY[sdk=iphoneos*]" = "iPhone Developer";
				COPY_PHASE_STRIP = NO;
				DEBUG_INFORMATION_FORMAT = "dwarf-with-dsym";
				ENABLE_NS_ASSERTIONS = NO;
				ENABLE_STRICT_OBJC_MSGSEND = YES;
				GCC_C_LANGUAGE_STANDARD = gnu99;
				GCC_NO_COMMON_BLOCKS = YES;
				GCC_WARN_64_TO_32_BIT_CONVERSION = YES;
				GCC_WARN_ABOUT_RETURN_TYPE = YES_ERROR;
				GCC_WARN_UNDECLARED_SELECTOR = YES;
				GCC_WARN_UNINITIALIZED_AUTOS = YES_AGGRESSIVE;
				GCC_WARN_UNUSED_FUNCTION = YES;
				GCC_WARN_UNUSED_VARIABLE = YES;
				IPHONEOS_DEPLOYMENT_TARGET = 8.4;
				MTL_ENABLE_DEBUG_INFO = NO;
				SDKROOT = iphoneos;
				TARGETED_DEVICE_FAMILY = "1,2";
				VALIDATE_PRODUCT = YES;
			};
			name = Release;
		};
		233041A41B86DA8600F5A6E7 /* Debug */ = {
			isa = XCBuildConfiguration;
			buildSettings = {
				ASSETCATALOG_COMPILER_APPICON_NAME = AppIcon;
				INFOPLIST_FILE = "Message Demo/Info.plist";
				LD_RUNPATH_SEARCH_PATHS = "$(inherited) @executable_path/Frameworks";
				PRODUCT_NAME = "$(TARGET_NAME)";
			};
			name = Debug;
		};
		233041A51B86DA8600F5A6E7 /* Release */ = {
			isa = XCBuildConfiguration;
			buildSettings = {
				ASSETCATALOG_COMPILER_APPICON_NAME = AppIcon;
				INFOPLIST_FILE = "Message Demo/Info.plist";
				LD_RUNPATH_SEARCH_PATHS = "$(inherited) @executable_path/Frameworks";
				PRODUCT_NAME = "$(TARGET_NAME)";
			};
			name = Release;
		};
		233041A71B86DA8600F5A6E7 /* Debug */ = {
			isa = XCBuildConfiguration;
			buildSettings = {
				BUNDLE_LOADER = "$(TEST_HOST)";
				FRAMEWORK_SEARCH_PATHS = (
					"$(SDKROOT)/Developer/Library/Frameworks",
					"$(inherited)",
				);
				GCC_PREPROCESSOR_DEFINITIONS = (
					"DEBUG=1",
					"$(inherited)",
				);
				INFOPLIST_FILE = "Message DemoTests/Info.plist";
				LD_RUNPATH_SEARCH_PATHS = "$(inherited) @executable_path/Frameworks @loader_path/Frameworks";
				PRODUCT_NAME = "$(TARGET_NAME)";
				TEST_HOST = "$(BUILT_PRODUCTS_DIR)/Message Demo.app/Message Demo";
			};
			name = Debug;
		};
		233041A81B86DA8600F5A6E7 /* Release */ = {
			isa = XCBuildConfiguration;
			buildSettings = {
				BUNDLE_LOADER = "$(TEST_HOST)";
				FRAMEWORK_SEARCH_PATHS = (
					"$(SDKROOT)/Developer/Library/Frameworks",
					"$(inherited)",
				);
				INFOPLIST_FILE = "Message DemoTests/Info.plist";
				LD_RUNPATH_SEARCH_PATHS = "$(inherited) @executable_path/Frameworks @loader_path/Frameworks";
				PRODUCT_NAME = "$(TARGET_NAME)";
				TEST_HOST = "$(BUILT_PRODUCTS_DIR)/Message Demo.app/Message Demo";
			};
			name = Release;
		};
/* End XCBuildConfiguration section */

/* Begin XCConfigurationList section */
		2330417C1B86DA8600F5A6E7 /* Build configuration list for PBXProject "Message Demo" */ = {
			isa = XCConfigurationList;
			buildConfigurations = (
				233041A11B86DA8600F5A6E7 /* Debug */,
				233041A21B86DA8600F5A6E7 /* Release */,
			);
			defaultConfigurationIsVisible = 0;
			defaultConfigurationName = Release;
		};
		233041A31B86DA8600F5A6E7 /* Build configuration list for PBXNativeTarget "Message Demo" */ = {
			isa = XCConfigurationList;
			buildConfigurations = (
				233041A41B86DA8600F5A6E7 /* Debug */,
				233041A51B86DA8600F5A6E7 /* Release */,
			);
			defaultConfigurationIsVisible = 0;
		};
		233041A61B86DA8600F5A6E7 /* Build configuration list for PBXNativeTarget "Message DemoTests" */ = {
			isa = XCConfigurationList;
			buildConfigurations = (
				233041A71B86DA8600F5A6E7 /* Debug */,
				233041A81B86DA8600F5A6E7 /* Release */,
			);
			defaultConfigurationIsVisible = 0;
		};
/* End XCConfigurationList section */

/* Begin XCVersionGroup section */
		233041881B86DA8600F5A6E7 /* Message_Demo.xcdatamodeld */ = {
			isa = XCVersionGroup;
			children = (
				233041891B86DA8600F5A6E7 /* Message_Demo.xcdatamodel */,
			);
			currentVersion = 233041891B86DA8600F5A6E7 /* Message_Demo.xcdatamodel */;
			path = Message_Demo.xcdatamodeld;
			sourceTree = "<group>";
			versionGroupType = wrapper.xcdatamodel;
		};
/* End XCVersionGroup section */
	};
	rootObject = 233041791B86DA8600F5A6E7 /* Project object */;
}
